
Microsoft Visual Studio Solution File, Format Version 11.00
# Visual Studio 2010
Project("{FAE04EC0-301F-11D3-BF4B-00C04F79EFBC}") = "Rogue_2D_Tuto", "Assembly-CSharp.csproj", "{7331EDB7-EB67-38DF-C9F2-FDCAC1C3DD47}"
EndProject
Project("{FAE04EC0-301F-11D3-BF4B-00C04F79EFBC}") = "Rogue_2D_Tuto", "Assembly-CSharp-Editor.csproj", "{0F241C9E-FBCB-589F-EFF0-8F3CE8EAE567}"
EndProject
Global
	GlobalSection(SolutionConfigurationPlatforms) = preSolution
		Debug|Any CPU = Debug|Any CPU
		Release|Any CPU = Release|Any CPU
	EndGlobalSection
	GlobalSection(ProjectConfigurationPlatforms) = postSolution
		{7331EDB7-EB67-38DF-C9F2-FDCAC1C3DD47}.Debug|Any CPU.ActiveCfg = Debug|Any CPU
		{7331EDB7-EB67-38DF-C9F2-FDCAC1C3DD47}.Debug|Any CPU.Build.0 = Debug|Any CPU
		{7331EDB7-EB67-38DF-C9F2-FDCAC1C3DD47}.Release|Any CPU.ActiveCfg = Release|Any CPU
		{7331EDB7-EB67-38DF-C9F2-FDCAC1C3DD47}.Release|Any CPU.Build.0 = Release|Any CPU
		{0F241C9E-FBCB-589F-EFF0-8F3CE8EAE567}.Debug|Any CPU.ActiveCfg = Debug|Any CPU
		{0F241C9E-FBCB-589F-EFF0-8F3CE8EAE567}.Debug|Any CPU.Build.0 = Debug|Any CPU
		{0F241C9E-FBCB-589F-EFF0-8F3CE8EAE567}.Release|Any CPU.ActiveCfg = Release|Any CPU
		{0F241C9E-FBCB-589F-EFF0-8F3CE8EAE567}.Release|Any CPU.Build.0 = Release|Any CPU
	EndGlobalSection
	GlobalSection(SolutionProperties) = preSolution
		HideSolutionNode = FALSE
	EndGlobalSection
	GlobalSection(MonoDevelopProperties) = preSolution
		StartupItem = Assembly-CSharp.csproj
	EndGlobalSection
EndGlobal
